
Microsoft Visual Studio Solution File, Format Version 12.00
# Visual Studio 15
Project("{FAE04EC0-301F-11D3-BF4B-00C04F79EFBC}") = "Assembly-CSharp", "Assembly-CSharp.csproj", "{92782B83-88A9-C8B3-4BDA-179CB422A10F}"
EndProject
Project("{FAE04EC0-301F-11D3-BF4B-00C04F79EFBC}") = "Assembly-CSharp-firstpass", "Assembly-CSharp-firstpass.csproj", "{651F5184-36FE-1E59-16BC-E11E5A6D9AB4}"
EndProject
Project("{FAE04EC0-301F-11D3-BF4B-00C04F79EFBC}") = "Assembly-CSharp-Editor-firstpass", "Assembly-CSharp-Editor-firstpass.csproj", "{40F44184-4F65-52FE-0B6A-5DE4D1555C1C}"
EndProject
Project("{FAE04EC0-301F-11D3-BF4B-00C04F79EFBC}") = "Assembly-CSharp-Editor", "Assembly-CSharp-Editor.csproj", "{ABCE300A-0EF0-0C05-B9CC-3677D837B9FC}"
EndProject
Global
	GlobalSection(SolutionConfigurationPlatforms) = preSolution
		Debug|Any CPU = Debug|Any CPU
		Release|Any CPU = Release|Any CPU
	EndGlobalSection
	GlobalSection(ProjectConfigurationPlatforms) = postSolution
		{92782B83-88A9-C8B3-4BDA-179CB422A10F}.Debug|Any CPU.ActiveCfg = Debug|Any CPU
		{92782B83-88A9-C8B3-4BDA-179CB422A10F}.Debug|Any CPU.Build.0 = Debug|Any CPU
		{92782B83-88A9-C8B3-4BDA-179CB422A10F}.Release|Any CPU.ActiveCfg = Release|Any CPU
		{92782B83-88A9-C8B3-4BDA-179CB422A10F}.Release|Any CPU.Build.0 = Release|Any CPU
		{651F5184-36FE-1E59-16BC-E11E5A6D9AB4}.Debug|Any CPU.ActiveCfg = Debug|Any CPU
		{651F5184-36FE-1E59-16BC-E11E5A6D9AB4}.Debug|Any CPU.Build.0 = Debug|Any CPU
		{651F5184-36FE-1E59-16BC-E11E5A6D9AB4}.Release|Any CPU.ActiveCfg = Release|Any CPU
		{651F5184-36FE-1E59-16BC-E11E5A6D9AB4}.Release|Any CPU.Build.0 = Release|Any CPU
		{40F44184-4F65-52FE-0B6A-5DE4D1555C1C}.Debug|Any CPU.ActiveCfg = Debug|Any CPU
		{40F44184-4F65-52FE-0B6A-5DE4D1555C1C}.Debug|Any CPU.Build.0 = Debug|Any CPU
		{40F44184-4F65-52FE-0B6A-5DE4D1555C1C}.Release|Any CPU.ActiveCfg = Release|Any CPU
		{40F44184-4F65-52FE-0B6A-5DE4D1555C1C}.Release|Any CPU.Build.0 = Release|Any CPU
		{ABCE300A-0EF0-0C05-B9CC-3677D837B9FC}.Debug|Any CPU.ActiveCfg = Debug|Any CPU
		{ABCE300A-0EF0-0C05-B9CC-3677D837B9FC}.Debug|Any CPU.Build.0 = Debug|Any CPU
		{ABCE300A-0EF0-0C05-B9CC-3677D837B9FC}.Release|Any CPU.ActiveCfg = Release|Any CPU
		{ABCE300A-0EF0-0C05-B9CC-3677D837B9FC}.Release|Any CPU.Build.0 = Release|Any CPU
	EndGlobalSection
	GlobalSection(SolutionProperties) = preSolution
		HideSolutionNode = FALSE
	EndGlobalSection
EndGlobal
